
Microsoft Visual Studio Solution File, Format Version 12.00
# Visual Studio Version 16
VisualStudioVersion = 25.0.1704.4
MinimumVisualStudioVersion = 10.0.40219.1
Project("{FAE04EC0-301F-11D3-BF4B-00C04F79EFBC}") = "Lab4-SearchingAndSorting", "Lab4-SearchingAndSorting.csproj", "{0FB93F62-C357-4759-A0D1-0B9E18DF499C}"
EndProject
Global
	GlobalSection(SolutionConfigurationPlatforms) = preSolution
		Debug|Any CPU = Debug|Any CPU
		Release|Any CPU = Release|Any CPU
	EndGlobalSection
	GlobalSection(ProjectConfigurationPlatforms) = postSolution
		{0FB93F62-C357-4759-A0D1-0B9E18DF499C}.Debug|Any CPU.ActiveCfg = Debug|Any CPU
		{0FB93F62-C357-4759-A0D1-0B9E18DF499C}.Debug|Any CPU.Build.0 = Debug|Any CPU
		{0FB93F62-C357-4759-A0D1-0B9E18DF499C}.Release|Any CPU.ActiveCfg = Release|Any CPU
		{0FB93F62-C357-4759-A0D1-0B9E18DF499C}.Release|Any CPU.Build.0 = Release|Any CPU
	EndGlobalSection
	GlobalSection(SolutionProperties) = preSolution
		HideSolutionNode = FALSE
	EndGlobalSection
	GlobalSection(ExtensibilityGlobals) = postSolution
		SolutionGuid = {6F032486-172A-4B1F-AA0E-B61D76BE5C65}
	EndGlobalSection
EndGlobal
